
Microsoft Visual Studio Solution File, Format Version 12.00
# Visual Studio Version 17
VisualStudioVersion = 17.4.33122.133
MinimumVisualStudioVersion = 10.0.40219.1
Project("{FAE04EC0-301F-11D3-BF4B-00C04F79EFBC}") = "Lab 11.1", "Lab 11.1\Lab 11.1.csproj", "{8B2143C4-A69B-49B9-BECC-4DA15D081F98}"
EndProject
Global
	GlobalSection(SolutionConfigurationPlatforms) = preSolution
		Debug|Any CPU = Debug|Any CPU
		Release|Any CPU = Release|Any CPU
	EndGlobalSection
	GlobalSection(ProjectConfigurationPlatforms) = postSolution
		{8B2143C4-A69B-49B9-BECC-4DA15D081F98}.Debug|Any CPU.ActiveCfg = Debug|Any CPU
		{8B2143C4-A69B-49B9-BECC-4DA15D081F98}.Debug|Any CPU.Build.0 = Debug|Any CPU
		{8B2143C4-A69B-49B9-BECC-4DA15D081F98}.Release|Any CPU.ActiveCfg = Release|Any CPU
		{8B2143C4-A69B-49B9-BECC-4DA15D081F98}.Release|Any CPU.Build.0 = Release|Any CPU
	EndGlobalSection
	GlobalSection(SolutionProperties) = preSolution
		HideSolutionNode = FALSE
	EndGlobalSection
	GlobalSection(ExtensibilityGlobals) = postSolution
		SolutionGuid = {EA8443D8-D932-4D4E-9404-1CC73A99598D}
	EndGlobalSection
EndGlobal
